// !$*UTF8*$!
{
	archiveVersion = 1;
	classes = {
	};
	objectVersion = 50;
	objects = {

/* Begin PBXBuildFile section */
		B542BA0920E019190079698B /* AppDelegate.swift in Sources */ = {isa = PBXBuildFile; fileRef = B542BA0820E019190079698B /* AppDelegate.swift */; };
		B542BA0B20E019190079698B /* HomeViewController.swift in Sources */ = {isa = PBXBuildFile; fileRef = B542BA0A20E019190079698B /* HomeViewController.swift */; };
		B542BA0E20E019190079698B /* Main.storyboard in Resources */ = {isa = PBXBuildFile; fileRef = B542BA0C20E019190079698B /* Main.storyboard */; };
		B542BA1020E0191D0079698B /* Assets.xcassets in Resources */ = {isa = PBXBuildFile; fileRef = B542BA0F20E0191D0079698B /* Assets.xcassets */; };
		B542BA1320E0191D0079698B /* LaunchScreen.storyboard in Resources */ = {isa = PBXBuildFile; fileRef = B542BA1120E0191D0079698B /* LaunchScreen.storyboard */; };
		B542BA1E20E0191D0079698B /* YouTubeTests.swift in Sources */ = {isa = PBXBuildFile; fileRef = B542BA1D20E0191D0079698B /* YouTubeTests.swift */; };
		B542BA2920E0191D0079698B /* YouTubeUITests.swift in Sources */ = {isa = PBXBuildFile; fileRef = B542BA2820E0191D0079698B /* YouTubeUITests.swift */; };
/* End PBXBuildFile section */

/* Begin PBXContainerItemProxy section */
		B542BA1A20E0191D0079698B /* PBXContainerItemProxy */ = {
			isa = PBXContainerItemProxy;
			containerPortal = B542B9FD20E019190079698B /* Project object */;
			proxyType = 1;
			remoteGlobalIDString = B542BA0420E019190079698B;
			remoteInfo = YouTube;
		};
		B542BA2520E0191D0079698B /* PBXContainerItemProxy */ = {
			isa = PBXContainerItemProxy;
			containerPortal = B542B9FD20E019190079698B /* Project object */;
			proxyType = 1;
			remoteGlobalIDString = B542BA0420E019190079698B;
			remoteInfo = YouTube;
		};
/* End PBXContainerItemProxy section */

/* Begin PBXFileReference section */
		B542BA0520E019190079698B /* YouTube.app */ = {isa = PBXFileReference; explicitFileType = wrapper.application; includeInIndex = 0; path = YouTube.app; sourceTree = BUILT_PRODUCTS_DIR; };
		B542BA0820E019190079698B /* AppDelegate.swift */ = {isa = PBXFileReference; lastKnownFileType = sourcecode.swift; path = AppDelegate.swift; sourceTree = "<group>"; };
		B542BA0A20E019190079698B /* HomeViewController.swift */ = {isa = PBXFileReference; lastKnownFileType = sourcecode.swift; path = HomeViewController.swift; sourceTree = "<group>"; };
		B542BA0D20E019190079698B /* Base */ = {isa = PBXFileReference; lastKnownFileType = file.storyboard; name = Base; path = Base.lproj/Main.storyboard; sourceTree = "<group>"; };
		B542BA0F20E0191D0079698B /* Assets.xcassets */ = {isa = PBXFileReference; lastKnownFileType = folder.assetcatalog; path = Assets.xcassets; sourceTree = "<group>"; };
		B542BA1220E0191D0079698B /* Base */ = {isa = PBXFileReference; lastKnownFileType = file.storyboard; name = Base; path = Base.lproj/LaunchScreen.storyboard; sourceTree = "<group>"; };
		B542BA1420E0191D0079698B /* Info.plist */ = {isa = PBXFileReference; lastKnownFileType = text.plist.xml; path = Info.plist; sourceTree = "<group>"; };
		B542BA1920E0191D0079698B /* YouTubeTests.xctest */ = {isa = PBXFileReference; explicitFileType = wrapper.cfbundle; includeInIndex = 0; path = YouTubeTests.xctest; sourceTree = BUILT_PRODUCTS_DIR; };
		B542BA1D20E0191D0079698B /* YouTubeTests.swift */ = {isa = PBXFileReference; lastKnownFileType = sourcecode.swift; path = YouTubeTests.swift; sourceTree = "<group>"; };
		B542BA1F20E0191D0079698B /* Info.plist */ = {isa = PBXFileReference; lastKnownFileType = text.plist.xml; path = Info.plist; sourceTree = "<group>"; };
		B542BA2420E0191D0079698B /* YouTubeUITests.xctest */ = {isa = PBXFileReference; explicitFileType = wrapper.cfbundle; includeInIndex = 0; path = YouTubeUITests.xctest; sourceTree = BUILT_PRODUCTS_DIR; };
		B542BA2820E0191D0079698B /* YouTubeUITests.swift */ = {isa = PBXFileReference; lastKnownFileType = sourcecode.swift; path = YouTubeUITests.swift; sourceTree = "<group>"; };
		B542BA2A20E0191D0079698B /* Info.plist */ = {isa = PBXFileReference; lastKnownFileType = text.plist.xml; path = Info.plist; sourceTree = "<group>"; };
/* End PBXFileReference section */

/* Begin PBXFrameworksBuildPhase section */
		B542BA0220E019190079698B /* Frameworks */ = {
			isa = PBXFrameworksBuildPhase;
			buildActionMask = 2147483647;
			files = (
			);
			runOnlyForDeploymentPostprocessing = 0;
		};
		B542BA1620E0191D0079698B /* Frameworks */ = {
			isa = PBXFrameworksBuildPhase;
			buildActionMask = 2147483647;
			files = (
			);
			runOnlyForDeploymentPostprocessing = 0;
		};
		B542BA2120E0191D0079698B /* Frameworks */ = {
			isa = PBXFrameworksBuildPhase;
			buildActionMask = 2147483647;
			files = (
			);
			runOnlyForDeploymentPostprocessing = 0;
		};
/* End PBXFrameworksBuildPhase section */

/* Begin PBXGroup section */
		B542B9FC20E019190079698B = {
			isa = PBXGroup;
			children = (
				B542BA0720E019190079698B /* YouTube */,
				B542BA1C20E0191D0079698B /* YouTubeTests */,
				B542BA2720E0191D0079698B /* YouTubeUITests */,
				B542BA0620E019190079698B /* Products */,
			);
			sourceTree = "<group>";
		};
		B542BA0620E019190079698B /* Products */ = {
			isa = PBXGroup;
			children = (
				B542BA0520E019190079698B /* YouTube.app */,
				B542BA1920E0191D0079698B /* YouTubeTests.xctest */,
				B542BA2420E0191D0079698B /* YouTubeUITests.xctest */,
			);
			name = Products;
			sourceTree = "<group>";
		};
		B542BA0720E019190079698B /* YouTube */ = {
			isa = PBXGroup;
			children = (
				B542BA0820E019190079698B /* AppDelegate.swift */,
				B542BA0A20E019190079698B /* HomeViewController.swift */,
				B542BA0C20E019190079698B /* Main.storyboard */,
				B542BA0F20E0191D0079698B /* Assets.xcassets */,
				B542BA1120E0191D0079698B /* LaunchScreen.storyboard */,
				B542BA1420E0191D0079698B /* Info.plist */,
			);
			path = YouTube;
			sourceTree = "<group>";
		};
		B542BA1C20E0191D0079698B /* YouTubeTests */ = {
			isa = PBXGroup;
			children = (
				B542BA1D20E0191D0079698B /* YouTubeTests.swift */,
				B542BA1F20E0191D0079698B /* Info.plist */,
			);
			path = YouTubeTests;
			sourceTree = "<group>";
		};
		B542BA2720E0191D0079698B /* YouTubeUITests */ = {
			isa = PBXGroup;
			children = (
				B542BA2820E0191D0079698B /* YouTubeUITests.swift */,
				B542BA2A20E0191D0079698B /* Info.plist */,
			);
			path = YouTubeUITests;
			sourceTree = "<group>";
		};
/* End PBXGroup section */

/* Begin PBXNativeTarget section */
		B542BA0420E019190079698B /* YouTube */ = {
			isa = PBXNativeTarget;
			buildConfigurationList = B542BA2D20E0191D0079698B /* Build configuration list for PBXNativeTarget "YouTube" */;
			buildPhases = (
				B542BA0120E019190079698B /* Sources */,
				B542BA0220E019190079698B /* Frameworks */,
				B542BA0320E019190079698B /* Resources */,
			);
			buildRules = (
			);
			dependencies = (
			);
			name = YouTube;
			productName = YouTube;
			productReference = B542BA0520E019190079698B /* YouTube.app */;
			productType = "com.apple.product-type.application";
		};
		B542BA1820E0191D0079698B /* YouTubeTests */ = {
			isa = PBXNativeTarget;
			buildConfigurationList = B542BA3020E0191D0079698B /* Build configuration list for PBXNativeTarget "YouTubeTests" */;
			buildPhases = (
				B542BA1520E0191D0079698B /* Sources */,
				B542BA1620E0191D0079698B /* Frameworks */,
				B542BA1720E0191D0079698B /* Resources */,
			);
			buildRules = (
			);
			dependencies = (
				B542BA1B20E0191D0079698B /* PBXTargetDependency */,
			);
			name = YouTubeTests;
			productName = YouTubeTests;
			productReference = B542BA1920E0191D0079698B /* YouTubeTests.xctest */;
			productType = "com.apple.product-type.bundle.unit-test";
		};
		B542BA2320E0191D0079698B /* YouTubeUITests */ = {
			isa = PBXNativeTarget;
			buildConfigurationList = B542BA3320E0191D0079698B /* Build configuration list for PBXNativeTarget "YouTubeUITests" */;
			buildPhases = (
				B542BA2020E0191D0079698B /* Sources */,
				B542BA2120E0191D0079698B /* Frameworks */,
				B542BA2220E0191D0079698B /* Resources */,
			);
			buildRules = (
			);
			dependencies = (
				B542BA2620E0191D0079698B /* PBXTargetDependency */,
			);
			name = YouTubeUITests;
			productName = YouTubeUITests;
			productReference = B542BA2420E0191D0079698B /* YouTubeUITests.xctest */;
			productType = "com.apple.product-type.bundle.ui-testing";
		};
/* End PBXNativeTarget section */

/* Begin PBXProject section */
		B542B9FD20E019190079698B /* Project object */ = {
			isa = PBXProject;
			attributes = {
				LastSwiftUpdateCheck = 0940;
				LastUpgradeCheck = 0940;
				ORGANIZATIONNAME = "A K";
				TargetAttributes = {
					B542BA0420E019190079698B = {
						CreatedOnToolsVersion = 9.4;
					};
					B542BA1820E0191D0079698B = {
						CreatedOnToolsVersion = 9.4;
						TestTargetID = B542BA0420E019190079698B;
					};
					B542BA2320E0191D0079698B = {
						CreatedOnToolsVersion = 9.4;
						TestTargetID = B542BA0420E019190079698B;
					};
				};
			};
			buildConfigurationList = B542BA0020E019190079698B /* Build configuration list for PBXProject "YouTube" */;
			compatibilityVersion = "Xcode 9.3";
			developmentRegion = en;
			hasScannedForEncodings = 0;
			knownRegions = (
				en,
				Base,
			);
			mainGroup = B542B9FC20E019190079698B;
			productRefGroup = B542BA0620E019190079698B /* Products */;
			projectDirPath = "";
			projectRoot = "";
			targets = (
				B542BA0420E019190079698B /* YouTube */,
				B542BA1820E0191D0079698B /* YouTubeTests */,
				B542BA2320E0191D0079698B /* YouTubeUITests */,
			);
		};
/* End PBXProject section */

/* Begin PBXResourcesBuildPhase section */
		B542BA0320E019190079698B /* Resources */ = {
			isa = PBXResourcesBuildPhase;
			buildActionMask = 2147483647;
			files = (
				B542BA1320E0191D0079698B /* LaunchScreen.storyboard in Resources */,
				B542BA1020E0191D0079698B /* Assets.xcassets in Resources */,
				B542BA0E20E019190079698B /* Main.storyboard in Resources */,
			);
			runOnlyForDeploymentPostprocessing = 0;
		};
		B542BA1720E0191D0079698B /* Resources */ = {
			isa = PBXResourcesBuildPhase;
			buildActionMask = 2147483647;
			files = (
			);
			runOnlyForDeploymentPostprocessing = 0;
		};
		B542BA2220E0191D0079698B /* Resources */ = {
			isa = PBXResourcesBuildPhase;
			buildActionMask = 2147483647;
			files = (
			);
			runOnlyForDeploymentPostprocessing = 0;
		};
/* End PBXResourcesBuildPhase section */

/* Begin PBXSourcesBuildPhase section */
		B542BA0120E019190079698B /* Sources */ = {
			isa = PBXSourcesBuildPhase;
			buildActionMask = 2147483647;
			files = (
				B542BA0B20E019190079698B /* HomeViewController.swift in Sources */,
				B542BA0920E019190079698B /* AppDelegate.swift in Sources */,
			);
			runOnlyForDeploymentPostprocessing = 0;
		};
		B542BA1520E0191D0079698B /* Sources */ = {
			isa = PBXSourcesBuildPhase;
			buildActionMask = 2147483647;
			files = (
				B542BA1E20E0191D0079698B /* YouTubeTests.swift in Sources */,
			);
			runOnlyForDeploymentPostprocessing = 0;
		};
		B542BA2020E0191D0079698B /* Sources */ = {
			isa = PBXSourcesBuildPhase;
			buildActionMask = 2147483647;
			files = (
				B542BA2920E0191D0079698B /* YouTubeUITests.swift in Sources */,
			);
			runOnlyForDeploymentPostprocessing = 0;
		};
/* End PBXSourcesBuildPhase section */

/* Begin PBXTargetDependency section */
		B542BA1B20E0191D0079698B /* PBXTargetDependency */ = {
			isa = PBXTargetDependency;
			target = B542BA0420E019190079698B /* YouTube */;
			targetProxy = B542BA1A20E0191D0079698B /* PBXContainerItemProxy */;
		};
		B542BA2620E0191D0079698B /* PBXTargetDependency */ = {
			isa = PBXTargetDependency;
			target = B542BA0420E019190079698B /* YouTube */;
			targetProxy = B542BA2520E0191D0079698B /* PBXContainerItemProxy */;
		};
/* End PBXTargetDependency section */

/* Begin PBXVariantGroup section */
		B542BA0C20E019190079698B /* Main.storyboard */ = {
			isa = PBXVariantGroup;
			children = (
				B542BA0D20E019190079698B /* Base */,
			);
			name = Main.storyboard;
			sourceTree = "<group>";
		};
		B542BA1120E0191D0079698B /* LaunchScreen.storyboard */ = {
			isa = PBXVariantGroup;
			children = (
				B542BA1220E0191D0079698B /* Base */,
			);
			name = LaunchScreen.storyboard;
			sourceTree = "<group>";
		};
/* End PBXVariantGroup section */

/* Begin XCBuildConfiguration section */
		B542BA2B20E0191D0079698B /* Debug */ = {
			isa = XCBuildConfiguration;
			buildSettings = {
				ALWAYS_SEARCH_USER_PATHS = NO;
				CLANG_ANALYZER_NONNULL = YES;
				CLANG_ANALYZER_NUMBER_OBJECT_CONVERSION = YES_AGGRESSIVE;
				CLANG_CXX_LANGUAGE_STANDARD = "gnu++14";
				CLANG_CXX_LIBRARY = "libc++";
				CLANG_ENABLE_MODULES = YES;
				CLANG_ENABLE_OBJC_ARC = YES;
				CLANG_ENABLE_OBJC_WEAK = YES;
				CLANG_WARN_BLOCK_CAPTURE_AUTORELEASING = YES;
				CLANG_WARN_BOOL_CONVERSION = YES;
				CLANG_WARN_COMMA = YES;
				CLANG_WARN_CONSTANT_CONVERSION = YES;
				CLANG_WARN_DEPRECATED_OBJC_IMPLEMENTATIONS = YES;
				CLANG_WARN_DIRECT_OBJC_ISA_USAGE = YES_ERROR;
				CLANG_WARN_DOCUMENTATION_COMMENTS = YES;
				CLANG_WARN_EMPTY_BODY = YES;
				CLANG_WARN_ENUM_CONVERSION = YES;
				CLANG_WARN_INFINITE_RECURSION = YES;
				CLANG_WARN_INT_CONVERSION = YES;
				CLANG_WARN_NON_LITERAL_NULL_CONVERSION = YES;
				CLANG_WARN_OBJC_IMPLICIT_RETAIN_SELF = YES;
				CLANG_WARN_OBJC_LITERAL_CONVERSION = YES;
				CLANG_WARN_OBJC_ROOT_CLASS = YES_ERROR;
				CLANG_WARN_RANGE_LOOP_ANALYSIS = YES;
				CLANG_WARN_STRICT_PROTOTYPES = YES;
				CLANG_WARN_SUSPICIOUS_MOVE = YES;
				CLANG_WARN_UNGUARDED_AVAILABILITY = YES_AGGRESSIVE;
				CLANG_WARN_UNREACHABLE_CODE = YES;
				CLANG_WARN__DUPLICATE_METHOD_MATCH = YES;
				CODE_SIGN_IDENTITY = "iPhone Developer";
				COPY_PHASE_STRIP = NO;
				DEBUG_INFORMATION_FORMAT = dwarf;
				ENABLE_STRICT_OBJC_MSGSEND = YES;
				ENABLE_TESTABILITY = YES;
				GCC_C_LANGUAGE_STANDARD = gnu11;
				GCC_DYNAMIC_NO_PIC = NO;
				GCC_NO_COMMON_BLOCKS = YES;
				GCC_OPTIMIZATION_LEVEL = 0;
				GCC_PREPROCESSOR_DEFINITIONS = (
					"DEBUG=1",
					"$(inherited)",
				);
				GCC_WARN_64_TO_32_BIT_CONVERSION = YES;
				GCC_WARN_ABOUT_RETURN_TYPE = YES_ERROR;
				GCC_WARN_UNDECLARED_SELECTOR = YES;
				GCC_WARN_UNINITIALIZED_AUTOS = YES_AGGRESSIVE;
				GCC_WARN_UNUSED_FUNCTION = YES;
				GCC_WARN_UNUSED_VARIABLE = YES;
				IPHONEOS_DEPLOYMENT_TARGET = 11.4;
				MTL_ENABLE_DEBUG_INFO = YES;
				ONLY_ACTIVE_ARCH = YES;
				SDKROOT = iphoneos;
				SWIFT_ACTIVE_COMPILATION_CONDITIONS = DEBUG;
				SWIFT_OPTIMIZATION_LEVEL = "-Onone";
			};
			name = Debug;
		};
		B542BA2C20E0191D0079698B /* Release */ = {
			isa = XCBuildConfiguration;
			buildSettings = {
				ALWAYS_SEARCH_USER_PATHS = NO;
				CLANG_ANALYZER_NONNULL = YES;
				CLANG_ANALYZER_NUMBER_OBJECT_CONVERSION = YES_AGGRESSIVE;
				CLANG_CXX_LANGUAGE_STANDARD = "gnu++14";
				CLANG_CXX_LIBRARY = "libc++";
				CLANG_ENABLE_MODULES = YES;
				CLANG_ENABLE_OBJC_ARC = YES;
				CLANG_ENABLE_OBJC_WEAK = YES;
				CLANG_WARN_BLOCK_CAPTURE_AUTORELEASING = YES;
				CLANG_WARN_BOOL_CONVERSION = YES;
				CLANG_WARN_COMMA = YES;
				CLANG_WARN_CONSTANT_CONVERSION = YES;
				CLANG_WARN_DEPRECATED_OBJC_IMPLEMENTATIONS = YES;
				CLANG_WARN_DIRECT_OBJC_ISA_USAGE = YES_ERROR;
				CLANG_WARN_DOCUMENTATION_COMMENTS = YES;
				CLANG_WARN_EMPTY_BODY = YES;
				CLANG_WARN_ENUM_CONVERSION = YES;
				CLANG_WARN_INFINITE_RECURSION = YES;
				CLANG_WARN_INT_CONVERSION = YES;
				CLANG_WARN_NON_LITERAL_NULL_CONVERSION = YES;
				CLANG_WARN_OBJC_IMPLICIT_RETAIN_SELF = YES;
				CLANG_WARN_OBJC_LITERAL_CONVERSION = YES;
				CLANG_WARN_OBJC_ROOT_CLASS = YES_ERROR;
				CLANG_WARN_RANGE_LOOP_ANALYSIS = YES;
				CLANG_WARN_STRICT_PROTOTYPES = YES;
				CLANG_WARN_SUSPICIOUS_MOVE = YES;
				CLANG_WARN_UNGUARDED_AVAILABILITY = YES_AGGRESSIVE;
				CLANG_WARN_UNREACHABLE_CODE = YES;
				CLANG_WARN__DUPLICATE_METHOD_MATCH = YES;
				CODE_SIGN_IDENTITY = "iPhone Developer";
				COPY_PHASE_STRIP = NO;
				DEBUG_INFORMATION_FORMAT = "dwarf-with-dsym";
				ENABLE_NS_ASSERTIONS = NO;
				ENABLE_STRICT_OBJC_MSGSEND = YES;
				GCC_C_LANGUAGE_STANDARD = gnu11;
				GCC_NO_COMMON_BLOCKS = YES;
				GCC_WARN_64_TO_32_BIT_CONVERSION = YES;
				GCC_WARN_ABOUT_RETURN_TYPE = YES_ERROR;
				GCC_WARN_UNDECLARED_SELECTOR = YES;
				GCC_WARN_UNINITIALIZED_AUTOS = YES_AGGRESSIVE;
				GCC_WARN_UNUSED_FUNCTION = YES;
				GCC_WARN_UNUSED_VARIABLE = YES;
				IPHONEOS_DEPLOYMENT_TARGET = 11.4;
				MTL_ENABLE_DEBUG_INFO = NO;
				SDKROOT = iphoneos;
				SWIFT_COMPILATION_MODE = wholemodule;
				SWIFT_OPTIMIZATION_LEVEL = "-O";
				VALIDATE_PRODUCT = YES;
			};
			name = Release;
		};
		B542BA2E20E0191D0079698B /* Debug */ = {
			isa = XCBuildConfiguration;
			buildSettings = {
				ASSETCATALOG_COMPILER_APPICON_NAME = AppIcon;
				CODE_SIGN_STYLE = Automatic;
				INFOPLIST_FILE = YouTube/Info.plist;
				LD_RUNPATH_SEARCH_PATHS = (
					"$(inherited)",
					"@executable_path/Frameworks",
				);
				PRODUCT_BUNDLE_IDENTIFIER = AK.YouTube;
				PRODUCT_NAME = "$(TARGET_NAME)";
				SWIFT_VERSION = 4.0;
				TARGETED_DEVICE_FAMILY = "1,2";
			};
			name = Debug;
		};
		B542BA2F20E0191D0079698B /* Release */ = {
			isa = XCBuildConfiguration;
			buildSettings = {
				ASSETCATALOG_COMPILER_APPICON_NAME = AppIcon;
				CODE_SIGN_STYLE = Automatic;
				INFOPLIST_FILE = YouTube/Info.plist;
				LD_RUNPATH_SEARCH_PATHS = (
					"$(inherited)",
					"@executable_path/Frameworks",
				);
				PRODUCT_BUNDLE_IDENTIFIER = AK.YouTube;
				PRODUCT_NAME = "$(TARGET_NAME)";
				SWIFT_VERSION = 4.0;
				TARGETED_DEVICE_FAMILY = "1,2";
			};
			name = Release;
		};
		B542BA3120E0191D0079698B /* Debug */ = {
			isa = XCBuildConfiguration;
			buildSettings = {
				ALWAYS_EMBED_SWIFT_STANDARD_LIBRARIES = YES;
				BUNDLE_LOADER = "$(TEST_HOST)";
				CODE_SIGN_STYLE = Automatic;
				INFOPLIST_FILE = YouTubeTests/Info.plist;
				LD_RUNPATH_SEARCH_PATHS = (
					"$(inherited)",
					"@executable_path/Frameworks",
					"@loader_path/Frameworks",
				);
				PRODUCT_BUNDLE_IDENTIFIER = AK.YouTubeTests;
				PRODUCT_NAME = "$(TARGET_NAME)";
				SWIFT_VERSION = 4.0;
				TARGETED_DEVICE_FAMILY = "1,2";
				TEST_HOST = "$(BUILT_PRODUCTS_DIR)/YouTube.app/YouTube";
			};
			name = Debug;
		};
		B542BA3220E0191D0079698B /* Release */ = {
			isa = XCBuildConfiguration;
			buildSettings = {
				ALWAYS_EMBED_SWIFT_STANDARD_LIBRARIES = YES;
				BUNDLE_LOADER = "$(TEST_HOST)";
				CODE_SIGN_STYLE = Automatic;
				INFOPLIST_FILE = YouTubeTests/Info.plist;
				LD_RUNPATH_SEARCH_PATHS = (
					"$(inherited)",
					"@executable_path/Frameworks",
					"@loader_path/Frameworks",
				);
				PRODUCT_BUNDLE_IDENTIFIER = AK.YouTubeTests;
				PRODUCT_NAME = "$(TARGET_NAME)";
				SWIFT_VERSION = 4.0;
				TARGETED_DEVICE_FAMILY = "1,2";
				TEST_HOST = "$(BUILT_PRODUCTS_DIR)/YouTube.app/YouTube";
			};
			name = Release;
		};
		B542BA3420E0191D0079698B /* Debug */ = {
			isa = XCBuildConfiguration;
			buildSettings = {
				ALWAYS_EMBED_SWIFT_STANDARD_LIBRARIES = YES;
				CODE_SIGN_STYLE = Automatic;
				INFOPLIST_FILE = YouTubeUITests/Info.plist;
				LD_RUNPATH_SEARCH_PATHS = (
					"$(inherited)",
					"@executable_path/Frameworks",
					"@loader_path/Frameworks",
				);
				PRODUCT_BUNDLE_IDENTIFIER = AK.YouTubeUITests;
				PRODUCT_NAME = "$(TARGET_NAME)";
				SWIFT_VERSION = 4.0;
				TARGETED_DEVICE_FAMILY = "1,2";
				TEST_TARGET_NAME = YouTube;
			};
			name = Debug;
		};
		B542BA3520E0191D0079698B /* Release */ = {
			isa = XCBuildConfiguration;
			buildSettings = {
				ALWAYS_EMBED_SWIFT_STANDARD_LIBRARIES = YES;
				CODE_SIGN_STYLE = Automatic;
				INFOPLIST_FILE = YouTubeUITests/Info.plist;
				LD_RUNPATH_SEARCH_PATHS = (
					"$(inherited)",
					"@executable_path/Frameworks",
					"@loader_path/Frameworks",
				);
				PRODUCT_BUNDLE_IDENTIFIER = AK.YouTubeUITests;
				PRODUCT_NAME = "$(TARGET_NAME)";
				SWIFT_VERSION = 4.0;
				TARGETED_DEVICE_FAMILY = "1,2";
				TEST_TARGET_NAME = YouTube;
			};
			name = Release;
		};
/* End XCBuildConfiguration section */

/* Begin XCConfigurationList section */
		B542BA0020E019190079698B /* Build configuration list for PBXProject "YouTube" */ = {
			isa = XCConfigurationList;
			buildConfigurations = (
				B542BA2B20E0191D0079698B /* Debug */,
				B542BA2C20E0191D0079698B /* Release */,
			);
			defaultConfigurationIsVisible = 0;
			defaultConfigurationName = Release;
		};
		B542BA2D20E0191D0079698B /* Build configuration list for PBXNativeTarget "YouTube" */ = {
			isa = XCConfigurationList;
			buildConfigurations = (
				B542BA2E20E0191D0079698B /* Debug */,
				B542BA2F20E0191D0079698B /* Release */,
			);
			defaultConfigurationIsVisible = 0;
			defaultConfigurationName = Release;
		};
		B542BA3020E0191D0079698B /* Build configuration list for PBXNativeTarget "YouTubeTests" */ = {
			isa = XCConfigurationList;
			buildConfigurations = (
				B542BA3120E0191D0079698B /* Debug */,
				B542BA3220E0191D0079698B /* Release */,
			);
			defaultConfigurationIsVisible = 0;
			defaultConfigurationName = Release;
		};
		B542BA3320E0191D0079698B /* Build configuration list for PBXNativeTarget "YouTubeUITests" */ = {
			isa = XCConfigurationList;
			buildConfigurations = (
				B542BA3420E0191D0079698B /* Debug */,
				B542BA3520E0191D0079698B /* Release */,
			);
			defaultConfigurationIsVisible = 0;
			defaultConfigurationName = Release;
		};
/* End XCConfigurationList section */
	};
	rootObject = B542B9FD20E019190079698B /* Project object */;
}
